
Microsoft Visual Studio Solution File, Format Version 12.00
# Visual Studio Version 16
VisualStudioVersion = 16.0.30804.86
MinimumVisualStudioVersion = 10.0.40219.1
Project("{FAE04EC0-301F-11D3-BF4B-00C04F79EFBC}") = "Korelskiy.BlazorApp", "Korelskiy.BlazorApp.csproj", "{B796BA29-9F03-4528-B27B-0BF0E0E9CDEE}"
EndProject
Global
	GlobalSection(SolutionConfigurationPlatforms) = preSolution
		Debug|Any CPU = Debug|Any CPU
		Release|Any CPU = Release|Any CPU
	EndGlobalSection
	GlobalSection(ProjectConfigurationPlatforms) = postSolution
		{B796BA29-9F03-4528-B27B-0BF0E0E9CDEE}.Debug|Any CPU.ActiveCfg = Debug|Any CPU
		{B796BA29-9F03-4528-B27B-0BF0E0E9CDEE}.Debug|Any CPU.Build.0 = Debug|Any CPU
		{B796BA29-9F03-4528-B27B-0BF0E0E9CDEE}.Release|Any CPU.ActiveCfg = Release|Any CPU
		{B796BA29-9F03-4528-B27B-0BF0E0E9CDEE}.Release|Any CPU.Build.0 = Release|Any CPU
	EndGlobalSection
	GlobalSection(SolutionProperties) = preSolution
		HideSolutionNode = FALSE
	EndGlobalSection
	GlobalSection(ExtensibilityGlobals) = postSolution
		SolutionGuid = {D5836E95-EF87-4F31-BE7C-BB3663297560}
	EndGlobalSection
EndGlobal
